
Microsoft Visual Studio Solution File, Format Version 12.00
# Visual Studio Version 16
VisualStudioVersion = 16.0.28803.452
MinimumVisualStudioVersion = 10.0.40219.1
Project("{FAE04EC0-301F-11D3-BF4B-00C04F79EFBC}") = "YoutubeDownloader", "YoutubeDownloader\YoutubeDownloader.csproj", "{77EEFF93-0664-448C-A7C1-6985F26243EE}"
EndProject
Project("{FAE04EC0-301F-11D3-BF4B-00C04F79EFBC}") = "YoutubeDownloader.ConsoleUI", "YoutubeDownloader.ConsoleUI\YoutubeDownloader.ConsoleUI.csproj", "{BFE1157F-44BB-4F2C-A437-978C9DF9DDF7}"
EndProject
Global
	GlobalSection(SolutionConfigurationPlatforms) = preSolution
		Debug|Any CPU = Debug|Any CPU
		Release|Any CPU = Release|Any CPU
	EndGlobalSection
	GlobalSection(ProjectConfigurationPlatforms) = postSolution
		{77EEFF93-0664-448C-A7C1-6985F26243EE}.Debug|Any CPU.ActiveCfg = Debug|Any CPU
		{77EEFF93-0664-448C-A7C1-6985F26243EE}.Debug|Any CPU.Build.0 = Debug|Any CPU
		{77EEFF93-0664-448C-A7C1-6985F26243EE}.Release|Any CPU.ActiveCfg = Release|Any CPU
		{77EEFF93-0664-448C-A7C1-6985F26243EE}.Release|Any CPU.Build.0 = Release|Any CPU
		{BFE1157F-44BB-4F2C-A437-978C9DF9DDF7}.Debug|Any CPU.ActiveCfg = Debug|Any CPU
		{BFE1157F-44BB-4F2C-A437-978C9DF9DDF7}.Debug|Any CPU.Build.0 = Debug|Any CPU
		{BFE1157F-44BB-4F2C-A437-978C9DF9DDF7}.Release|Any CPU.ActiveCfg = Release|Any CPU
		{BFE1157F-44BB-4F2C-A437-978C9DF9DDF7}.Release|Any CPU.Build.0 = Release|Any CPU
	EndGlobalSection
	GlobalSection(SolutionProperties) = preSolution
		HideSolutionNode = FALSE
	EndGlobalSection
	GlobalSection(ExtensibilityGlobals) = postSolution
		SolutionGuid = {8B25861A-65D4-47B8-85C3-EE5C0447AF88}
	EndGlobalSection
EndGlobal
